
Microsoft Visual Studio Solution File, Format Version 12.00
# Visual Studio Version 16
VisualStudioVersion = 16.0.29509.3
MinimumVisualStudioVersion = 10.0.40219.1
Project("{FAE04EC0-301F-11D3-BF4B-00C04F79EFBC}") = "ResumeBuilder", "ResumeBuilder.csproj", "{5DF1C86D-A4D0-4EC2-903D-4A6A17006450}"
EndProject
Project("{FAE04EC0-301F-11D3-BF4B-00C04F79EFBC}") = "ResumeBuilder.lib", "..\ResumeBuilder.lib\ResumeBuilder.lib.csproj", "{EE0AE90D-507C-4727-8D79-19085D6ADD2F}"
EndProject
Global
	GlobalSection(SolutionConfigurationPlatforms) = preSolution
		Debug|Any CPU = Debug|Any CPU
		Release|Any CPU = Release|Any CPU
	EndGlobalSection
	GlobalSection(ProjectConfigurationPlatforms) = postSolution
		{5DF1C86D-A4D0-4EC2-903D-4A6A17006450}.Debug|Any CPU.ActiveCfg = Debug|Any CPU
		{5DF1C86D-A4D0-4EC2-903D-4A6A17006450}.Debug|Any CPU.Build.0 = Debug|Any CPU
		{5DF1C86D-A4D0-4EC2-903D-4A6A17006450}.Release|Any CPU.ActiveCfg = Release|Any CPU
		{5DF1C86D-A4D0-4EC2-903D-4A6A17006450}.Release|Any CPU.Build.0 = Release|Any CPU
		{EE0AE90D-507C-4727-8D79-19085D6ADD2F}.Debug|Any CPU.ActiveCfg = Debug|Any CPU
		{EE0AE90D-507C-4727-8D79-19085D6ADD2F}.Debug|Any CPU.Build.0 = Debug|Any CPU
		{EE0AE90D-507C-4727-8D79-19085D6ADD2F}.Release|Any CPU.ActiveCfg = Release|Any CPU
		{EE0AE90D-507C-4727-8D79-19085D6ADD2F}.Release|Any CPU.Build.0 = Release|Any CPU
	EndGlobalSection
	GlobalSection(SolutionProperties) = preSolution
		HideSolutionNode = FALSE
	EndGlobalSection
	GlobalSection(ExtensibilityGlobals) = postSolution
		SolutionGuid = {F3A8B91B-5D5E-4F12-92B1-E90A467FAEAE}
	EndGlobalSection
EndGlobal
